
Microsoft Visual Studio Solution File, Format Version 12.00
# Visual Studio Version 16
VisualStudioVersion = 16.0.29411.108
MinimumVisualStudioVersion = 10.0.40219.1
Project("{FAE04EC0-301F-11D3-BF4B-00C04F79EFBC}") = "chunked-fs", "chunked-fs\chunked-fs.csproj", "{7722849B-A4A8-4F47-BD87-3948592C1B1C}"
EndProject
Project("{FAE04EC0-301F-11D3-BF4B-00C04F79EFBC}") = "chunked-fs-cli", "chunked-fs-cli\chunked-fs-cli.csproj", "{7277BB64-143C-4872-96CA-0E8C7A1D5D90}"
EndProject
Global
	GlobalSection(SolutionConfigurationPlatforms) = preSolution
		Debug|Any CPU = Debug|Any CPU
		Release|Any CPU = Release|Any CPU
	EndGlobalSection
	GlobalSection(ProjectConfigurationPlatforms) = postSolution
		{7722849B-A4A8-4F47-BD87-3948592C1B1C}.Debug|Any CPU.ActiveCfg = Debug|Any CPU
		{7722849B-A4A8-4F47-BD87-3948592C1B1C}.Debug|Any CPU.Build.0 = Debug|Any CPU
		{7722849B-A4A8-4F47-BD87-3948592C1B1C}.Release|Any CPU.ActiveCfg = Release|Any CPU
		{7722849B-A4A8-4F47-BD87-3948592C1B1C}.Release|Any CPU.Build.0 = Release|Any CPU
		{7277BB64-143C-4872-96CA-0E8C7A1D5D90}.Debug|Any CPU.ActiveCfg = Debug|Any CPU
		{7277BB64-143C-4872-96CA-0E8C7A1D5D90}.Debug|Any CPU.Build.0 = Debug|Any CPU
		{7277BB64-143C-4872-96CA-0E8C7A1D5D90}.Release|Any CPU.ActiveCfg = Release|Any CPU
		{7277BB64-143C-4872-96CA-0E8C7A1D5D90}.Release|Any CPU.Build.0 = Release|Any CPU
	EndGlobalSection
	GlobalSection(SolutionProperties) = preSolution
		HideSolutionNode = FALSE
	EndGlobalSection
	GlobalSection(ExtensibilityGlobals) = postSolution
		SolutionGuid = {F80597A9-3351-4E46-B821-D46692E8AAF0}
	EndGlobalSection
EndGlobal
